
Microsoft Visual Studio Solution File, Format Version 12.00
# Visual Studio Version 16
VisualStudioVersion = 16.0.29609.76
MinimumVisualStudioVersion = 10.0.40219.1
Project("{8BC9CEB8-8B4A-11D0-8D11-00A0C91BC942}") = "fileSystem", "fileSystem.vcxproj", "{9F1415B6-7306-4ED0-A531-F5B46AAB9902}"
EndProject
Global
	GlobalSection(SolutionConfigurationPlatforms) = preSolution
		Debug|x64 = Debug|x64
		Debug|x86 = Debug|x86
		Release|x64 = Release|x64
		Release|x86 = Release|x86
	EndGlobalSection
	GlobalSection(ProjectConfigurationPlatforms) = postSolution
		{9F1415B6-7306-4ED0-A531-F5B46AAB9902}.Debug|x64.ActiveCfg = Debug|x64
		{9F1415B6-7306-4ED0-A531-F5B46AAB9902}.Debug|x64.Build.0 = Debug|x64
		{9F1415B6-7306-4ED0-A531-F5B46AAB9902}.Debug|x86.ActiveCfg = Debug|Win32
		{9F1415B6-7306-4ED0-A531-F5B46AAB9902}.Debug|x86.Build.0 = Debug|Win32
		{9F1415B6-7306-4ED0-A531-F5B46AAB9902}.Release|x64.ActiveCfg = Release|x64
		{9F1415B6-7306-4ED0-A531-F5B46AAB9902}.Release|x64.Build.0 = Release|x64
		{9F1415B6-7306-4ED0-A531-F5B46AAB9902}.Release|x86.ActiveCfg = Release|Win32
		{9F1415B6-7306-4ED0-A531-F5B46AAB9902}.Release|x86.Build.0 = Release|Win32
	EndGlobalSection
	GlobalSection(SolutionProperties) = preSolution
		HideSolutionNode = FALSE
	EndGlobalSection
	GlobalSection(ExtensibilityGlobals) = postSolution
		SolutionGuid = {76D117CA-C87A-47A7-8967-BEB8F5A17A16}
	EndGlobalSection
EndGlobal
